
Microsoft Visual Studio Solution File, Format Version 12.00
# Visual Studio 15
VisualStudioVersion = 15.0.27703.2018
MinimumVisualStudioVersion = 10.0.40219.1
Project("{FAE04EC0-301F-11D3-BF4B-00C04F79EFBC}") = "TestesInterface", "ModeloTesteAutomatizado\TestesInterface.csproj", "{3F76181F-FD13-47FA-8CCC-07122345D876}"
EndProject
Project("{FAE04EC0-301F-11D3-BF4B-00C04F79EFBC}") = "TestesAPI", "TestesAPI\TestesAPI.csproj", "{A12BC112-C2CE-4EB6-AE61-EC7255BD2403}"
EndProject
Global
	GlobalSection(SolutionConfigurationPlatforms) = preSolution
		Debug|Any CPU = Debug|Any CPU
		Release|Any CPU = Release|Any CPU
	EndGlobalSection
	GlobalSection(ProjectConfigurationPlatforms) = postSolution
		{3F76181F-FD13-47FA-8CCC-07122345D876}.Debug|Any CPU.ActiveCfg = Debug|Any CPU
		{3F76181F-FD13-47FA-8CCC-07122345D876}.Debug|Any CPU.Build.0 = Debug|Any CPU
		{3F76181F-FD13-47FA-8CCC-07122345D876}.Release|Any CPU.ActiveCfg = Release|Any CPU
		{3F76181F-FD13-47FA-8CCC-07122345D876}.Release|Any CPU.Build.0 = Release|Any CPU
		{A12BC112-C2CE-4EB6-AE61-EC7255BD2403}.Debug|Any CPU.ActiveCfg = Debug|Any CPU
		{A12BC112-C2CE-4EB6-AE61-EC7255BD2403}.Debug|Any CPU.Build.0 = Debug|Any CPU
		{A12BC112-C2CE-4EB6-AE61-EC7255BD2403}.Release|Any CPU.ActiveCfg = Release|Any CPU
		{A12BC112-C2CE-4EB6-AE61-EC7255BD2403}.Release|Any CPU.Build.0 = Release|Any CPU
	EndGlobalSection
	GlobalSection(SolutionProperties) = preSolution
		HideSolutionNode = FALSE
	EndGlobalSection
	GlobalSection(ExtensibilityGlobals) = postSolution
		SolutionGuid = {BF79ED38-8207-421F-9185-A6C9D6C9A604}
	EndGlobalSection
EndGlobal
